
Microsoft Visual Studio Solution File, Format Version 12.00
# Visual Studio Version 16
VisualStudioVersion = 16.0.31129.286
MinimumVisualStudioVersion = 10.0.40219.1
Project("{FAE04EC0-301F-11D3-BF4B-00C04F79EFBC}") = "NumberGuesser", "NumberGuesser\NumberGuesser.csproj", "{6551AFC4-FA6C-4E63-8E02-0F595001E67B}"
EndProject
Global
	GlobalSection(SolutionConfigurationPlatforms) = preSolution
		Debug|Any CPU = Debug|Any CPU
		Release|Any CPU = Release|Any CPU
	EndGlobalSection
	GlobalSection(ProjectConfigurationPlatforms) = postSolution
		{6551AFC4-FA6C-4E63-8E02-0F595001E67B}.Debug|Any CPU.ActiveCfg = Debug|Any CPU
		{6551AFC4-FA6C-4E63-8E02-0F595001E67B}.Debug|Any CPU.Build.0 = Debug|Any CPU
		{6551AFC4-FA6C-4E63-8E02-0F595001E67B}.Release|Any CPU.ActiveCfg = Release|Any CPU
		{6551AFC4-FA6C-4E63-8E02-0F595001E67B}.Release|Any CPU.Build.0 = Release|Any CPU
	EndGlobalSection
	GlobalSection(SolutionProperties) = preSolution
		HideSolutionNode = FALSE
	EndGlobalSection
	GlobalSection(ExtensibilityGlobals) = postSolution
		SolutionGuid = {C96D701A-44DB-4A22-8D2A-147DE6224617}
	EndGlobalSection
EndGlobal
